
Microsoft Visual Studio Solution File, Format Version 12.00
# Visual Studio 15
VisualStudioVersion = 15.0.28010.2046
MinimumVisualStudioVersion = 10.0.40219.1
Project("{2150E333-8FDC-42A3-9474-1A3956D46DE8}") = "1-Client", "1-Client", "{D5214C1F-3791-4AEE-8474-858B8B1AA62E}"
EndProject
Project("{2150E333-8FDC-42A3-9474-1A3956D46DE8}") = "2-Business", "2-Business", "{5A257F7C-44F0-40F7-95BE-676F7AAF35D5}"
EndProject
Project("{2150E333-8FDC-42A3-9474-1A3956D46DE8}") = "3-DataAccess", "3-DataAccess", "{8169A026-A435-4091-BD7D-0E19A32733D3}"
EndProject
Project("{2150E333-8FDC-42A3-9474-1A3956D46DE8}") = "4-Model", "4-Model", "{C2E96E48-18B4-431F-A2B9-F93DDB5A84E3}"
EndProject
Project("{2150E333-8FDC-42A3-9474-1A3956D46DE8}") = "5-CrossCuttingConcern", "5-CrossCuttingConcern", "{2DC59CC4-03A1-4E9B-9BA6-1BD9A15C7A1A}"
EndProject
Project("{2150E333-8FDC-42A3-9474-1A3956D46DE8}") = "7-SolutionItems", "7-SolutionItems", "{D0468E98-D066-4393-AF0D-4273FB6C9346}"
EndProject
Project("{2150E333-8FDC-42A3-9474-1A3956D46DE8}") = "6-Test", "6-Test", "{8F4B0166-A134-4A38-A066-7CF21A664587}"
EndProject
Project("{2150E333-8FDC-42A3-9474-1A3956D46DE8}") = "Mobile-UI", "Mobile-UI", "{DFD2AABE-B3BF-4E97-ABF3-571BACDBDD81}"
EndProject
Project("{2150E333-8FDC-42A3-9474-1A3956D46DE8}") = "Shared-UI", "Shared-UI", "{4CF82267-B743-4AF2-AC1A-0EC41F4C943A}"
EndProject
Project("{2150E333-8FDC-42A3-9474-1A3956D46DE8}") = "Web-UI", "Web-UI", "{927F773B-84CF-42AA-AFBD-978E23CB7670}"
EndProject
Project("{2150E333-8FDC-42A3-9474-1A3956D46DE8}") = "Abstract", "Abstract", "{034A5D2D-F875-47E7-A44F-92042F064DBB}"
EndProject
Project("{2150E333-8FDC-42A3-9474-1A3956D46DE8}") = "Concrete", "Concrete", "{38AD3839-105D-4D58-94B9-8650D09CE0E3}"
EndProject
Project("{2150E333-8FDC-42A3-9474-1A3956D46DE8}") = "Abstract", "Abstract", "{2C1A2607-EA51-4E5D-A8FC-37F05864E971}"
EndProject
Project("{2150E333-8FDC-42A3-9474-1A3956D46DE8}") = "Concrete", "Concrete", "{59586B2B-DA17-45E2-8A23-ADAAA38BB6D9}"
EndProject
Project("{9A19103F-16F7-4668-BE54-9A1E7A4F7556}") = "MRTFramework.Model.Enums", "source\4-Model\MRTFramework.Model.Enums\MRTFramework.Model.Enums.csproj", "{0EF4855F-2E96-45B9-B427-2031330A10F7}"
EndProject
Project("{9A19103F-16F7-4668-BE54-9A1E7A4F7556}") = "MRTFramework.Model.Requests", "source\4-Model\MRTFramework.Model.Requests\MRTFramework.Model.Requests.csproj", "{CC29C877-87FC-4314-9184-CBF434E71B3C}"
EndProject
Project("{9A19103F-16F7-4668-BE54-9A1E7A4F7556}") = "MRTFramework.Model.Responses", "source\4-Model\MRTFramework.Model.Responses\MRTFramework.Model.Responses.csproj", "{D491F29C-A916-4E04-A407-A22C0F6B6674}"
EndProject
Project("{9A19103F-16F7-4668-BE54-9A1E7A4F7556}") = "MRTFramework.Model.ValidationRules", "source\4-Model\MRTFramework.Model.ValidationRules\MRTFramework.Model.ValidationRules.csproj", "{7EBCD4C1-0D52-4014-81C2-753B9F8CB6B1}"
EndProject
Project("{9A19103F-16F7-4668-BE54-9A1E7A4F7556}") = "MRTFramework.Model.InApps", "source\4-Model\MRTFramework.Model.InApps\MRTFramework.Model.InApps.csproj", "{496798BE-5B10-4F81-8524-EBB2EFD71E99}"
EndProject
Project("{9A19103F-16F7-4668-BE54-9A1E7A4F7556}") = "MRTFramework.BusinessLogicLayer.ServiceInterfaces", "source\2-BusinessLogicLayer\Abstract\MRTFramework.BusinessLogicLayer.ServiceInterfaces\MRTFramework.BusinessLogicLayer.ServiceInterfaces.csproj", "{703DC3A6-D253-48C4-B283-F16756228E7E}"
EndProject
Project("{9A19103F-16F7-4668-BE54-9A1E7A4F7556}") = "MRTFramework.BusinessLogicLayer.Domain", "source\2-BusinessLogicLayer\Concrete\MRTFramework.BusinessLogicLayer.Domain\MRTFramework.BusinessLogicLayer.Domain.csproj", "{67DCFAA1-D1E9-4813-A9C9-E275C95122AA}"
EndProject
Project("{9A19103F-16F7-4668-BE54-9A1E7A4F7556}") = "MRTFramework.DataAccessLayer.DAOInterfaces", "source\3-DataAccessLayer\Abstract\MRTFramework.DataAccessLayer.DAOInterfaces\MRTFramework.DataAccessLayer.DAOInterfaces.csproj", "{3446AD15-8E1C-4540-915C-5AE5BFD3A27E}"
EndProject
Project("{9A19103F-16F7-4668-BE54-9A1E7A4F7556}") = "MRTFramework.DataAccessLayer.EntityFrameworkCore", "source\3-DataAccessLayer\Concrete\MRTFramework.DataAccessLayer.EntityFrameworkCore\MRTFramework.DataAccessLayer.EntityFrameworkCore.csproj", "{CFFEAEDF-E124-4702-98EF-D29470875B09}"
EndProject
Project("{9A19103F-16F7-4668-BE54-9A1E7A4F7556}") = "MRTFramework.CrossCuttingConcern.AspectOrientedProgramming", "source\5-CrossCuttingConcern\MRTFramework.CrossCuttingConcern.AspectOrientedProgramming\MRTFramework.CrossCuttingConcern.AspectOrientedProgramming.csproj", "{FC5A4C8F-F970-4B15-846E-B7FE8545CA03}"
EndProject
Project("{9A19103F-16F7-4668-BE54-9A1E7A4F7556}") = "MRTFramework.CrossCuttingConcern.AspNetCore", "source\5-CrossCuttingConcern\MRTFramework.CrossCuttingConcern.AspNetCore\MRTFramework.CrossCuttingConcern.AspNetCore.csproj", "{E33D3233-6B07-409F-9ECA-939F6E6DD1B1}"
EndProject
Project("{9A19103F-16F7-4668-BE54-9A1E7A4F7556}") = "MRTFramework.CrossCuttingConcern.Caching", "source\5-CrossCuttingConcern\MRTFramework.CrossCuttingConcern.Caching\MRTFramework.CrossCuttingConcern.Caching.csproj", "{B747F4E1-67E9-41D5-A148-4D9DB13E657D}"
EndProject
Project("{9A19103F-16F7-4668-BE54-9A1E7A4F7556}") = "MRTFramework.CrossCuttingConcern.DependencyInjection", "source\5-CrossCuttingConcern\MRTFramework.CrossCuttingConcern.DependencyInjection\MRTFramework.CrossCuttingConcern.DependencyInjection.csproj", "{BD518B70-2E1A-42EF-834E-1AF993AAB30E}"
EndProject
Project("{9A19103F-16F7-4668-BE54-9A1E7A4F7556}") = "MRTFramework.CrossCuttingConcern.EntityFrameworkCore", "source\5-CrossCuttingConcern\MRTFramework.CrossCuttingConcern.EntityFrameworkCore\MRTFramework.CrossCuttingConcern.EntityFrameworkCore.csproj", "{60CE624A-1663-4D2E-8369-C23709196803}"
EndProject
Project("{9A19103F-16F7-4668-BE54-9A1E7A4F7556}") = "MRTFramework.CrossCuttingConcern.Logging", "source\5-CrossCuttingConcern\MRTFramework.CrossCuttingConcern.Logging\MRTFramework.CrossCuttingConcern.Logging.csproj", "{CAB0F626-462C-4874-841D-498EEC9F75C2}"
EndProject
Project("{9A19103F-16F7-4668-BE54-9A1E7A4F7556}") = "MRTFramework.CrossCuttingConcern.Performance", "source\5-CrossCuttingConcern\MRTFramework.CrossCuttingConcern.Performance\MRTFramework.CrossCuttingConcern.Performance.csproj", "{F85ED254-5692-45B2-A6EB-4D9F2770C563}"
EndProject
Project("{9A19103F-16F7-4668-BE54-9A1E7A4F7556}") = "MRTFramework.CrossCuttingConcern.Security", "source\5-CrossCuttingConcern\MRTFramework.CrossCuttingConcern.Security\MRTFramework.CrossCuttingConcern.Security.csproj", "{57B06D99-0D25-407F-BE56-AA1A0DA1EE3C}"
EndProject
Project("{9A19103F-16F7-4668-BE54-9A1E7A4F7556}") = "MRTFramework.CrossCuttingConcern.Utils", "source\5-CrossCuttingConcern\MRTFramework.CrossCuttingConcern.Utils\MRTFramework.CrossCuttingConcern.Utils.csproj", "{22FC018B-6DAD-4076-A770-BE8FB2781A8B}"
EndProject
Project("{9A19103F-16F7-4668-BE54-9A1E7A4F7556}") = "MRTFramework.CrossCuttingConcern.Validation", "source\5-CrossCuttingConcern\MRTFramework.CrossCuttingConcern.Validation\MRTFramework.CrossCuttingConcern.Validation.csproj", "{BB13B7BB-F359-473B-9B3A-96909392015F}"
EndProject
Project("{FAE04EC0-301F-11D3-BF4B-00C04F79EFBC}") = "MRTFramework.Model.BaseModels", "source\4-Model\MRTFramework.Model.BaseModels\MRTFramework.Model.BaseModels.csproj", "{2E608669-821E-4CD5-8D1B-E70AD229AF61}"
EndProject
Global
	GlobalSection(SolutionConfigurationPlatforms) = preSolution
		Debug|Any CPU = Debug|Any CPU
		Release|Any CPU = Release|Any CPU
	EndGlobalSection
	GlobalSection(ProjectConfigurationPlatforms) = postSolution
		{0EF4855F-2E96-45B9-B427-2031330A10F7}.Debug|Any CPU.ActiveCfg = Debug|Any CPU
		{0EF4855F-2E96-45B9-B427-2031330A10F7}.Debug|Any CPU.Build.0 = Debug|Any CPU
		{0EF4855F-2E96-45B9-B427-2031330A10F7}.Release|Any CPU.ActiveCfg = Release|Any CPU
		{0EF4855F-2E96-45B9-B427-2031330A10F7}.Release|Any CPU.Build.0 = Release|Any CPU
		{CC29C877-87FC-4314-9184-CBF434E71B3C}.Debug|Any CPU.ActiveCfg = Debug|Any CPU
		{CC29C877-87FC-4314-9184-CBF434E71B3C}.Debug|Any CPU.Build.0 = Debug|Any CPU
		{CC29C877-87FC-4314-9184-CBF434E71B3C}.Release|Any CPU.ActiveCfg = Release|Any CPU
		{CC29C877-87FC-4314-9184-CBF434E71B3C}.Release|Any CPU.Build.0 = Release|Any CPU
		{D491F29C-A916-4E04-A407-A22C0F6B6674}.Debug|Any CPU.ActiveCfg = Debug|Any CPU
		{D491F29C-A916-4E04-A407-A22C0F6B6674}.Debug|Any CPU.Build.0 = Debug|Any CPU
		{D491F29C-A916-4E04-A407-A22C0F6B6674}.Release|Any CPU.ActiveCfg = Release|Any CPU
		{D491F29C-A916-4E04-A407-A22C0F6B6674}.Release|Any CPU.Build.0 = Release|Any CPU
		{7EBCD4C1-0D52-4014-81C2-753B9F8CB6B1}.Debug|Any CPU.ActiveCfg = Debug|Any CPU
		{7EBCD4C1-0D52-4014-81C2-753B9F8CB6B1}.Debug|Any CPU.Build.0 = Debug|Any CPU
		{7EBCD4C1-0D52-4014-81C2-753B9F8CB6B1}.Release|Any CPU.ActiveCfg = Release|Any CPU
		{7EBCD4C1-0D52-4014-81C2-753B9F8CB6B1}.Release|Any CPU.Build.0 = Release|Any CPU
		{496798BE-5B10-4F81-8524-EBB2EFD71E99}.Debug|Any CPU.ActiveCfg = Debug|Any CPU
		{496798BE-5B10-4F81-8524-EBB2EFD71E99}.Debug|Any CPU.Build.0 = Debug|Any CPU
		{496798BE-5B10-4F81-8524-EBB2EFD71E99}.Release|Any CPU.ActiveCfg = Release|Any CPU
		{496798BE-5B10-4F81-8524-EBB2EFD71E99}.Release|Any CPU.Build.0 = Release|Any CPU
		{703DC3A6-D253-48C4-B283-F16756228E7E}.Debug|Any CPU.ActiveCfg = Debug|Any CPU
		{703DC3A6-D253-48C4-B283-F16756228E7E}.Debug|Any CPU.Build.0 = Debug|Any CPU
		{703DC3A6-D253-48C4-B283-F16756228E7E}.Release|Any CPU.ActiveCfg = Release|Any CPU
		{703DC3A6-D253-48C4-B283-F16756228E7E}.Release|Any CPU.Build.0 = Release|Any CPU
		{67DCFAA1-D1E9-4813-A9C9-E275C95122AA}.Debug|Any CPU.ActiveCfg = Debug|Any CPU
		{67DCFAA1-D1E9-4813-A9C9-E275C95122AA}.Debug|Any CPU.Build.0 = Debug|Any CPU
		{67DCFAA1-D1E9-4813-A9C9-E275C95122AA}.Release|Any CPU.ActiveCfg = Release|Any CPU
		{67DCFAA1-D1E9-4813-A9C9-E275C95122AA}.Release|Any CPU.Build.0 = Release|Any CPU
		{3446AD15-8E1C-4540-915C-5AE5BFD3A27E}.Debug|Any CPU.ActiveCfg = Debug|Any CPU
		{3446AD15-8E1C-4540-915C-5AE5BFD3A27E}.Debug|Any CPU.Build.0 = Debug|Any CPU
		{3446AD15-8E1C-4540-915C-5AE5BFD3A27E}.Release|Any CPU.ActiveCfg = Release|Any CPU
		{3446AD15-8E1C-4540-915C-5AE5BFD3A27E}.Release|Any CPU.Build.0 = Release|Any CPU
		{CFFEAEDF-E124-4702-98EF-D29470875B09}.Debug|Any CPU.ActiveCfg = Debug|Any CPU
		{CFFEAEDF-E124-4702-98EF-D29470875B09}.Debug|Any CPU.Build.0 = Debug|Any CPU
		{CFFEAEDF-E124-4702-98EF-D29470875B09}.Release|Any CPU.ActiveCfg = Release|Any CPU
		{CFFEAEDF-E124-4702-98EF-D29470875B09}.Release|Any CPU.Build.0 = Release|Any CPU
		{FC5A4C8F-F970-4B15-846E-B7FE8545CA03}.Debug|Any CPU.ActiveCfg = Debug|Any CPU
		{FC5A4C8F-F970-4B15-846E-B7FE8545CA03}.Debug|Any CPU.Build.0 = Debug|Any CPU
		{FC5A4C8F-F970-4B15-846E-B7FE8545CA03}.Release|Any CPU.ActiveCfg = Release|Any CPU
		{FC5A4C8F-F970-4B15-846E-B7FE8545CA03}.Release|Any CPU.Build.0 = Release|Any CPU
		{E33D3233-6B07-409F-9ECA-939F6E6DD1B1}.Debug|Any CPU.ActiveCfg = Debug|Any CPU
		{E33D3233-6B07-409F-9ECA-939F6E6DD1B1}.Debug|Any CPU.Build.0 = Debug|Any CPU
		{E33D3233-6B07-409F-9ECA-939F6E6DD1B1}.Release|Any CPU.ActiveCfg = Release|Any CPU
		{E33D3233-6B07-409F-9ECA-939F6E6DD1B1}.Release|Any CPU.Build.0 = Release|Any CPU
		{B747F4E1-67E9-41D5-A148-4D9DB13E657D}.Debug|Any CPU.ActiveCfg = Debug|Any CPU
		{B747F4E1-67E9-41D5-A148-4D9DB13E657D}.Debug|Any CPU.Build.0 = Debug|Any CPU
		{B747F4E1-67E9-41D5-A148-4D9DB13E657D}.Release|Any CPU.ActiveCfg = Release|Any CPU
		{B747F4E1-67E9-41D5-A148-4D9DB13E657D}.Release|Any CPU.Build.0 = Release|Any CPU
		{BD518B70-2E1A-42EF-834E-1AF993AAB30E}.Debug|Any CPU.ActiveCfg = Debug|Any CPU
		{BD518B70-2E1A-42EF-834E-1AF993AAB30E}.Debug|Any CPU.Build.0 = Debug|Any CPU
		{BD518B70-2E1A-42EF-834E-1AF993AAB30E}.Release|Any CPU.ActiveCfg = Release|Any CPU
		{BD518B70-2E1A-42EF-834E-1AF993AAB30E}.Release|Any CPU.Build.0 = Release|Any CPU
		{60CE624A-1663-4D2E-8369-C23709196803}.Debug|Any CPU.ActiveCfg = Debug|Any CPU
		{60CE624A-1663-4D2E-8369-C23709196803}.Debug|Any CPU.Build.0 = Debug|Any CPU
		{60CE624A-1663-4D2E-8369-C23709196803}.Release|Any CPU.ActiveCfg = Release|Any CPU
		{60CE624A-1663-4D2E-8369-C23709196803}.Release|Any CPU.Build.0 = Release|Any CPU
		{CAB0F626-462C-4874-841D-498EEC9F75C2}.Debug|Any CPU.ActiveCfg = Debug|Any CPU
		{CAB0F626-462C-4874-841D-498EEC9F75C2}.Debug|Any CPU.Build.0 = Debug|Any CPU
		{CAB0F626-462C-4874-841D-498EEC9F75C2}.Release|Any CPU.ActiveCfg = Release|Any CPU
		{CAB0F626-462C-4874-841D-498EEC9F75C2}.Release|Any CPU.Build.0 = Release|Any CPU
		{F85ED254-5692-45B2-A6EB-4D9F2770C563}.Debug|Any CPU.ActiveCfg = Debug|Any CPU
		{F85ED254-5692-45B2-A6EB-4D9F2770C563}.Debug|Any CPU.Build.0 = Debug|Any CPU
		{F85ED254-5692-45B2-A6EB-4D9F2770C563}.Release|Any CPU.ActiveCfg = Release|Any CPU
		{F85ED254-5692-45B2-A6EB-4D9F2770C563}.Release|Any CPU.Build.0 = Release|Any CPU
		{57B06D99-0D25-407F-BE56-AA1A0DA1EE3C}.Debug|Any CPU.ActiveCfg = Debug|Any CPU
		{57B06D99-0D25-407F-BE56-AA1A0DA1EE3C}.Debug|Any CPU.Build.0 = Debug|Any CPU
		{57B06D99-0D25-407F-BE56-AA1A0DA1EE3C}.Release|Any CPU.ActiveCfg = Release|Any CPU
		{57B06D99-0D25-407F-BE56-AA1A0DA1EE3C}.Release|Any CPU.Build.0 = Release|Any CPU
		{22FC018B-6DAD-4076-A770-BE8FB2781A8B}.Debug|Any CPU.ActiveCfg = Debug|Any CPU
		{22FC018B-6DAD-4076-A770-BE8FB2781A8B}.Debug|Any CPU.Build.0 = Debug|Any CPU
		{22FC018B-6DAD-4076-A770-BE8FB2781A8B}.Release|Any CPU.ActiveCfg = Release|Any CPU
		{22FC018B-6DAD-4076-A770-BE8FB2781A8B}.Release|Any CPU.Build.0 = Release|Any CPU
		{BB13B7BB-F359-473B-9B3A-96909392015F}.Debug|Any CPU.ActiveCfg = Debug|Any CPU
		{BB13B7BB-F359-473B-9B3A-96909392015F}.Debug|Any CPU.Build.0 = Debug|Any CPU
		{BB13B7BB-F359-473B-9B3A-96909392015F}.Release|Any CPU.ActiveCfg = Release|Any CPU
		{BB13B7BB-F359-473B-9B3A-96909392015F}.Release|Any CPU.Build.0 = Release|Any CPU
		{2E608669-821E-4CD5-8D1B-E70AD229AF61}.Debug|Any CPU.ActiveCfg = Debug|Any CPU
		{2E608669-821E-4CD5-8D1B-E70AD229AF61}.Debug|Any CPU.Build.0 = Debug|Any CPU
		{2E608669-821E-4CD5-8D1B-E70AD229AF61}.Release|Any CPU.ActiveCfg = Release|Any CPU
		{2E608669-821E-4CD5-8D1B-E70AD229AF61}.Release|Any CPU.Build.0 = Release|Any CPU
	EndGlobalSection
	GlobalSection(SolutionProperties) = preSolution
		HideSolutionNode = FALSE
	EndGlobalSection
	GlobalSection(NestedProjects) = preSolution
		{DFD2AABE-B3BF-4E97-ABF3-571BACDBDD81} = {D5214C1F-3791-4AEE-8474-858B8B1AA62E}
		{4CF82267-B743-4AF2-AC1A-0EC41F4C943A} = {D5214C1F-3791-4AEE-8474-858B8B1AA62E}
		{927F773B-84CF-42AA-AFBD-978E23CB7670} = {D5214C1F-3791-4AEE-8474-858B8B1AA62E}
		{034A5D2D-F875-47E7-A44F-92042F064DBB} = {5A257F7C-44F0-40F7-95BE-676F7AAF35D5}
		{38AD3839-105D-4D58-94B9-8650D09CE0E3} = {5A257F7C-44F0-40F7-95BE-676F7AAF35D5}
		{2C1A2607-EA51-4E5D-A8FC-37F05864E971} = {8169A026-A435-4091-BD7D-0E19A32733D3}
		{59586B2B-DA17-45E2-8A23-ADAAA38BB6D9} = {8169A026-A435-4091-BD7D-0E19A32733D3}
		{0EF4855F-2E96-45B9-B427-2031330A10F7} = {C2E96E48-18B4-431F-A2B9-F93DDB5A84E3}
		{CC29C877-87FC-4314-9184-CBF434E71B3C} = {C2E96E48-18B4-431F-A2B9-F93DDB5A84E3}
		{D491F29C-A916-4E04-A407-A22C0F6B6674} = {C2E96E48-18B4-431F-A2B9-F93DDB5A84E3}
		{7EBCD4C1-0D52-4014-81C2-753B9F8CB6B1} = {C2E96E48-18B4-431F-A2B9-F93DDB5A84E3}
		{496798BE-5B10-4F81-8524-EBB2EFD71E99} = {C2E96E48-18B4-431F-A2B9-F93DDB5A84E3}
		{703DC3A6-D253-48C4-B283-F16756228E7E} = {034A5D2D-F875-47E7-A44F-92042F064DBB}
		{67DCFAA1-D1E9-4813-A9C9-E275C95122AA} = {38AD3839-105D-4D58-94B9-8650D09CE0E3}
		{3446AD15-8E1C-4540-915C-5AE5BFD3A27E} = {2C1A2607-EA51-4E5D-A8FC-37F05864E971}
		{CFFEAEDF-E124-4702-98EF-D29470875B09} = {59586B2B-DA17-45E2-8A23-ADAAA38BB6D9}
		{FC5A4C8F-F970-4B15-846E-B7FE8545CA03} = {2DC59CC4-03A1-4E9B-9BA6-1BD9A15C7A1A}
		{E33D3233-6B07-409F-9ECA-939F6E6DD1B1} = {2DC59CC4-03A1-4E9B-9BA6-1BD9A15C7A1A}
		{B747F4E1-67E9-41D5-A148-4D9DB13E657D} = {2DC59CC4-03A1-4E9B-9BA6-1BD9A15C7A1A}
		{BD518B70-2E1A-42EF-834E-1AF993AAB30E} = {2DC59CC4-03A1-4E9B-9BA6-1BD9A15C7A1A}
		{60CE624A-1663-4D2E-8369-C23709196803} = {2DC59CC4-03A1-4E9B-9BA6-1BD9A15C7A1A}
		{CAB0F626-462C-4874-841D-498EEC9F75C2} = {2DC59CC4-03A1-4E9B-9BA6-1BD9A15C7A1A}
		{F85ED254-5692-45B2-A6EB-4D9F2770C563} = {2DC59CC4-03A1-4E9B-9BA6-1BD9A15C7A1A}
		{57B06D99-0D25-407F-BE56-AA1A0DA1EE3C} = {2DC59CC4-03A1-4E9B-9BA6-1BD9A15C7A1A}
		{22FC018B-6DAD-4076-A770-BE8FB2781A8B} = {2DC59CC4-03A1-4E9B-9BA6-1BD9A15C7A1A}
		{BB13B7BB-F359-473B-9B3A-96909392015F} = {2DC59CC4-03A1-4E9B-9BA6-1BD9A15C7A1A}
		{2E608669-821E-4CD5-8D1B-E70AD229AF61} = {C2E96E48-18B4-431F-A2B9-F93DDB5A84E3}
	EndGlobalSection
	GlobalSection(ExtensibilityGlobals) = postSolution
		SolutionGuid = {E266973C-F163-45C1-A4F8-162771E80C13}
	EndGlobalSection
EndGlobal
